
Microsoft Visual Studio Solution File, Format Version 12.00
# Visual Studio Version 16
VisualStudioVersion = 16.0.31019.35
MinimumVisualStudioVersion = 10.0.40219.1
Project("{FAE04EC0-301F-11D3-BF4B-00C04F79EFBC}") = "MvvmApp", "MvvmApp\MvvmApp.csproj", "{30DB91A7-E92F-4223-BBD3-D13D916E2C54}"
EndProject
Global
	GlobalSection(SolutionConfigurationPlatforms) = preSolution
		Debug|Any CPU = Debug|Any CPU
		Release|Any CPU = Release|Any CPU
	EndGlobalSection
	GlobalSection(ProjectConfigurationPlatforms) = postSolution
		{30DB91A7-E92F-4223-BBD3-D13D916E2C54}.Debug|Any CPU.ActiveCfg = Debug|Any CPU
		{30DB91A7-E92F-4223-BBD3-D13D916E2C54}.Debug|Any CPU.Build.0 = Debug|Any CPU
		{30DB91A7-E92F-4223-BBD3-D13D916E2C54}.Release|Any CPU.ActiveCfg = Release|Any CPU
		{30DB91A7-E92F-4223-BBD3-D13D916E2C54}.Release|Any CPU.Build.0 = Release|Any CPU
	EndGlobalSection
	GlobalSection(SolutionProperties) = preSolution
		HideSolutionNode = FALSE
	EndGlobalSection
	GlobalSection(ExtensibilityGlobals) = postSolution
		SolutionGuid = {13D86928-8387-480F-8D72-2D6852D2566D}
	EndGlobalSection
EndGlobal
